
Microsoft Visual Studio Solution File, Format Version 12.00
# Visual Studio Version 17
VisualStudioVersion = 17.13.35818.85 d17.13
MinimumVisualStudioVersion = 10.0.40219.1
Project("{FAE04EC0-301F-11D3-BF4B-00C04F79EFBC}") = "AtamaOperatoru", "AtamaOperatoru\AtamaOperatoru.csproj", "{CEBD651D-9905-4F99-96CA-425434150163}"
EndProject
Global
	GlobalSection(SolutionConfigurationPlatforms) = preSolution
		Debug|Any CPU = Debug|Any CPU
		Release|Any CPU = Release|Any CPU
	EndGlobalSection
	GlobalSection(ProjectConfigurationPlatforms) = postSolution
		{CEBD651D-9905-4F99-96CA-425434150163}.Debug|Any CPU.ActiveCfg = Debug|Any CPU
		{CEBD651D-9905-4F99-96CA-425434150163}.Debug|Any CPU.Build.0 = Debug|Any CPU
		{CEBD651D-9905-4F99-96CA-425434150163}.Release|Any CPU.ActiveCfg = Release|Any CPU
		{CEBD651D-9905-4F99-96CA-425434150163}.Release|Any CPU.Build.0 = Release|Any CPU
	EndGlobalSection
	GlobalSection(SolutionProperties) = preSolution
		HideSolutionNode = FALSE
	EndGlobalSection
	GlobalSection(ExtensibilityGlobals) = postSolution
		SolutionGuid = {0F99E803-5F8B-444C-A134-362C83CE4F9B}
	EndGlobalSection
EndGlobal
