
Microsoft Visual Studio Solution File, Format Version 12.00
# Visual Studio Version 17
VisualStudioVersion = 17.13.35818.85 d17.13
MinimumVisualStudioVersion = 10.0.40219.1
Project("{FAE04EC0-301F-11D3-BF4B-00C04F79EFBC}") = "KullanicidanDegerAlma", "KullanicidanDegerAlma\KullanicidanDegerAlma.csproj", "{6410CF1F-86FE-4FA3-AECB-8FF51DBBCF50}"
EndProject
Global
	GlobalSection(SolutionConfigurationPlatforms) = preSolution
		Debug|Any CPU = Debug|Any CPU
		Release|Any CPU = Release|Any CPU
	EndGlobalSection
	GlobalSection(ProjectConfigurationPlatforms) = postSolution
		{6410CF1F-86FE-4FA3-AECB-8FF51DBBCF50}.Debug|Any CPU.ActiveCfg = Debug|Any CPU
		{6410CF1F-86FE-4FA3-AECB-8FF51DBBCF50}.Debug|Any CPU.Build.0 = Debug|Any CPU
		{6410CF1F-86FE-4FA3-AECB-8FF51DBBCF50}.Release|Any CPU.ActiveCfg = Release|Any CPU
		{6410CF1F-86FE-4FA3-AECB-8FF51DBBCF50}.Release|Any CPU.Build.0 = Release|Any CPU
	EndGlobalSection
	GlobalSection(SolutionProperties) = preSolution
		HideSolutionNode = FALSE
	EndGlobalSection
	GlobalSection(ExtensibilityGlobals) = postSolution
		SolutionGuid = {A745ED5D-0FCD-4138-853B-4C27CAC7AA1E}
	EndGlobalSection
EndGlobal
