
Microsoft Visual Studio Solution File, Format Version 12.00
# Visual Studio Version 17
VisualStudioVersion = 17.13.35818.85 d17.13
MinimumVisualStudioVersion = 10.0.40219.1
Project("{FAE04EC0-301F-11D3-BF4B-00C04F79EFBC}") = "InheritanceGiris", "InheritanceGiris\InheritanceGiris.csproj", "{8B9A643F-4FEE-4148-9D1D-BA722967E039}"
EndProject
Global
	GlobalSection(SolutionConfigurationPlatforms) = preSolution
		Debug|Any CPU = Debug|Any CPU
		Release|Any CPU = Release|Any CPU
	EndGlobalSection
	GlobalSection(ProjectConfigurationPlatforms) = postSolution
		{8B9A643F-4FEE-4148-9D1D-BA722967E039}.Debug|Any CPU.ActiveCfg = Debug|Any CPU
		{8B9A643F-4FEE-4148-9D1D-BA722967E039}.Debug|Any CPU.Build.0 = Debug|Any CPU
		{8B9A643F-4FEE-4148-9D1D-BA722967E039}.Release|Any CPU.ActiveCfg = Release|Any CPU
		{8B9A643F-4FEE-4148-9D1D-BA722967E039}.Release|Any CPU.Build.0 = Release|Any CPU
	EndGlobalSection
	GlobalSection(SolutionProperties) = preSolution
		HideSolutionNode = FALSE
	EndGlobalSection
	GlobalSection(ExtensibilityGlobals) = postSolution
		SolutionGuid = {07B8AC83-58EF-46FA-9464-C7D8A89BD327}
	EndGlobalSection
EndGlobal
